{
  "name": "@tuan149202401/sunt-accusamus-nemo",
  "version": "1.0.0",
  "lockfileVersion": 3,
  "requires": true,
  "packages": {
    "": {
      "name": "@tuan149202401/sunt-accusamus-nemo",
      "version": "1.0.0",
      "license": "MIT",
      "dependencies": {
        "@tuan149202401/accusantium-laudantium-nihil-nobis": "^1.0.0",
        "@tuan149202401/at-quam-incidunt": "^1.0.0",
        "@tuan149202401/at-vitae-enim": "^1.0.0",
        "@tuan149202401/consequuntur-aliquam-velit": "^1.0.0",
        "@tuan149202401/facere-sequi-omnis": "^1.0.0",
        "@tuan149202401/fuga-commodi-earum": "^1.0.0",
        "@tuan149202401/fugiat-dolorem-tempore": "^1.0.0",
        "@tuan149202401/maiores-error-aspernatur": "^1.0.0",
        "@tuan149202401/molestias-incidunt-repellat": "^1.0.0",
        "@tuan149202401/nemo-alias-harum": "^1.0.0",
        "@tuan149202401/nisi-ipsam-sit": "^1.0.0",
        "@tuan149202401/porro-maiores-nulla": "^1.0.0",
        "@tuan149202401/porro-nobis-tempore": "^1.0.0",
        "@tuan149202401/rem-facilis-repellat": "^1.0.0",
        "@tuan149202401/ullam-quibusdam-tempora": "^1.0.0",
        "@tuan149202401/veritatis-minus-omnis": "^1.0.0"
      }
    },
    "node_modules/@tuan149202401/accusantium-laudantium-nihil-nobis": {
      "version": "1.0.0",
      "resolved": "https://registry.npmjs.org/@tuan149202401/accusantium-laudantium-nihil-nobis/-/accusantium-laudantium-nihil-nobis-1.0.0.tgz",
      "integrity": "sha512-sL6kVBwVIHYOwTDbU1GPXnelY7E7UAIgrT24zomeiPWYNwlZ3hQaInhVjsRUZFq6Y39+dQSIeEztpFcUgjCXqQ=="
    },
    "node_modules/@tuan149202401/at-quam-incidunt": {
      "version": "1.0.0",
      "resolved": "https://registry.npmjs.org/@tuan149202401/at-quam-incidunt/-/at-quam-incidunt-1.0.0.tgz",
      "integrity": "sha512-MZHfk/sdVYgkc2kFSt7KY+bCt7+xVDm+roU2SHXeyoCSIKXFlPPnQ8CFNM7n+DAWMy8UJRMXtPz6Sd86KYkRQQ==",
      "dependencies": {
        "@tuan149202401/accusantium-laudantium-nihil-nobis": "^1.0.0",
        "@tuan149202401/consequuntur-aliquam-velit": "^1.0.0",
        "@tuan149202401/facere-sequi-omnis": "^1.0.0",
        "@tuan149202401/fuga-commodi-earum": "^1.0.0",
        "@tuan149202401/fugiat-dolorem-tempore": "^1.0.0",
        "@tuan149202401/maiores-error-aspernatur": "^1.0.0",
        "@tuan149202401/molestias-incidunt-repellat": "^1.0.0",
        "@tuan149202401/nemo-alias-harum": "^1.0.0",
        "@tuan149202401/nisi-ipsam-sit": "^1.0.0",
        "@tuan149202401/porro-maiores-nulla": "^1.0.0",
        "@tuan149202401/porro-nobis-tempore": "^1.0.0",
        "@tuan149202401/rem-facilis-repellat": "^1.0.0",
        "@tuan149202401/ullam-quibusdam-tempora": "^1.0.0",
        "@tuan149202401/veritatis-minus-omnis": "^1.0.0"
      }
    },
    "node_modules/@tuan149202401/at-vitae-enim": {
      "version": "1.0.0",
      "resolved": "https://registry.npmjs.org/@tuan149202401/at-vitae-enim/-/at-vitae-enim-1.0.0.tgz",
      "integrity": "sha512-8QxxB7iZhwmvKYWKYUO4ve1dXxq9IaHvS5Dp61fmSL4qXsmGvh4AIUzLHhhkh1jgUFtXHPNoaG/qk6H74KkfRQ==",
      "dependencies": {
        "@tuan149202401/accusantium-laudantium-nihil-nobis": "^1.0.0",
        "@tuan149202401/at-quam-incidunt": "^1.0.0",
        "@tuan149202401/consequuntur-aliquam-velit": "^1.0.0",
        "@tuan149202401/facere-sequi-omnis": "^1.0.0",
        "@tuan149202401/fuga-commodi-earum": "^1.0.0",
        "@tuan149202401/fugiat-dolorem-tempore": "^1.0.0",
        "@tuan149202401/maiores-error-aspernatur": "^1.0.0",
        "@tuan149202401/molestias-incidunt-repellat": "^1.0.0",
        "@tuan149202401/nemo-alias-harum": "^1.0.0",
        "@tuan149202401/nisi-ipsam-sit": "^1.0.0",
        "@tuan149202401/porro-maiores-nulla": "^1.0.0",
        "@tuan149202401/porro-nobis-tempore": "^1.0.0",
        "@tuan149202401/rem-facilis-repellat": "^1.0.0",
        "@tuan149202401/ullam-quibusdam-tempora": "^1.0.0",
        "@tuan149202401/veritatis-minus-omnis": "^1.0.0"
      }
    },
    "node_modules/@tuan149202401/consequuntur-aliquam-velit": {
      "version": "1.0.0",
      "resolved": "https://registry.npmjs.org/@tuan149202401/consequuntur-aliquam-velit/-/consequuntur-aliquam-velit-1.0.0.tgz",
      "integrity": "sha512-MAsw7Jhv/GsGwSzRadg9AvPXevw1Cb+9EQ+PdPQwj2CR6+bgWWDIy54R6m/EwAC98a7H9F+PIOPDPD1kioli1w==",
      "dependencies": {
        "@tuan149202401/accusantium-laudantium-nihil-nobis": "^1.0.0",
        "@tuan149202401/facere-sequi-omnis": "^1.0.0",
        "@tuan149202401/nisi-ipsam-sit": "^1.0.0",
        "@tuan149202401/porro-maiores-nulla": "^1.0.0",
        "@tuan149202401/porro-nobis-tempore": "^1.0.0",
        "@tuan149202401/ullam-quibusdam-tempora": "^1.0.0",
        "@tuan149202401/veritatis-minus-omnis": "^1.0.0"
      }
    },
    "node_modules/@tuan149202401/facere-sequi-omnis": {
      "version": "1.0.0",
      "resolved": "https://registry.npmjs.org/@tuan149202401/facere-sequi-omnis/-/facere-sequi-omnis-1.0.0.tgz",
      "integrity": "sha512-vSM49RA2oOW9mg4AAAkpQbrOqo7sTWExHvFlgqfjrbb88I2VLVawuOuN7lUV08ZQPeD3SU4pmGywH3g5dACNiA==",
      "dependencies": {
        "@tuan149202401/accusantium-laudantium-nihil-nobis": "^1.0.0",
        "@tuan149202401/veritatis-minus-omnis": "^1.0.0"
      }
    },
    "node_modules/@tuan149202401/fuga-commodi-earum": {
      "version": "1.0.0",
      "resolved": "https://registry.npmjs.org/@tuan149202401/fuga-commodi-earum/-/fuga-commodi-earum-1.0.0.tgz",
      "integrity": "sha512-U6KB5FJu0AxGgLttUVLVya7y68bFLnQt3AipIFXrUTtljVOjo2LIeIGY6IAeHXMYyroc9zHGc/F174lKJnygnw==",
      "dependencies": {
        "@tuan149202401/accusantium-laudantium-nihil-nobis": "^1.0.0",
        "@tuan149202401/consequuntur-aliquam-velit": "^1.0.0",
        "@tuan149202401/facere-sequi-omnis": "^1.0.0",
        "@tuan149202401/nisi-ipsam-sit": "^1.0.0",
        "@tuan149202401/porro-maiores-nulla": "^1.0.0",
        "@tuan149202401/porro-nobis-tempore": "^1.0.0",
        "@tuan149202401/rem-facilis-repellat": "^1.0.0",
        "@tuan149202401/ullam-quibusdam-tempora": "^1.0.0",
        "@tuan149202401/veritatis-minus-omnis": "^1.0.0"
      }
    },
    "node_modules/@tuan149202401/fugiat-dolorem-tempore": {
      "version": "1.0.0",
      "resolved": "https://registry.npmjs.org/@tuan149202401/fugiat-dolorem-tempore/-/fugiat-dolorem-tempore-1.0.0.tgz",
      "integrity": "sha512-ZyfceHj7U3KkmA00TzJsZu7ur4oFZP57tT1hr0RDsDBUEx4O0+4I4zFBdEjHgYXxHlHXGWgxTvE1dbcku1Nrng==",
      "dependencies": {
        "@tuan149202401/accusantium-laudantium-nihil-nobis": "^1.0.0",
        "@tuan149202401/consequuntur-aliquam-velit": "^1.0.0",
        "@tuan149202401/facere-sequi-omnis": "^1.0.0",
        "@tuan149202401/fuga-commodi-earum": "^1.0.0",
        "@tuan149202401/molestias-incidunt-repellat": "^1.0.0",
        "@tuan149202401/nisi-ipsam-sit": "^1.0.0",
        "@tuan149202401/porro-maiores-nulla": "^1.0.0",
        "@tuan149202401/porro-nobis-tempore": "^1.0.0",
        "@tuan149202401/rem-facilis-repellat": "^1.0.0",
        "@tuan149202401/ullam-quibusdam-tempora": "^1.0.0",
        "@tuan149202401/veritatis-minus-omnis": "^1.0.0"
      }
    },
    "node_modules/@tuan149202401/maiores-error-aspernatur": {
      "version": "1.0.0",
      "resolved": "https://registry.npmjs.org/@tuan149202401/maiores-error-aspernatur/-/maiores-error-aspernatur-1.0.0.tgz",
      "integrity": "sha512-olf4y8h4yU9fKzIT0d6+zCcHWupB4VDiahrBYMJu7a32c0Co9k4KkzaPRWy+X/KPqSkG4htcL+8YnaulfkvSVg==",
      "dependencies": {
        "@tuan149202401/accusantium-laudantium-nihil-nobis": "^1.0.0",
        "@tuan149202401/consequuntur-aliquam-velit": "^1.0.0",
        "@tuan149202401/facere-sequi-omnis": "^1.0.0",
        "@tuan149202401/fuga-commodi-earum": "^1.0.0",
        "@tuan149202401/fugiat-dolorem-tempore": "^1.0.0",
        "@tuan149202401/molestias-incidunt-repellat": "^1.0.0",
        "@tuan149202401/nisi-ipsam-sit": "^1.0.0",
        "@tuan149202401/porro-maiores-nulla": "^1.0.0",
        "@tuan149202401/porro-nobis-tempore": "^1.0.0",
        "@tuan149202401/rem-facilis-repellat": "^1.0.0",
        "@tuan149202401/ullam-quibusdam-tempora": "^1.0.0",
        "@tuan149202401/veritatis-minus-omnis": "^1.0.0"
      }
    },
    "node_modules/@tuan149202401/molestias-incidunt-repellat": {
      "version": "1.0.0",
      "resolved": "https://registry.npmjs.org/@tuan149202401/molestias-incidunt-repellat/-/molestias-incidunt-repellat-1.0.0.tgz",
      "integrity": "sha512-4MHYp4wlyH3M/7NQoirvzhxKBuO1Wlz0I2tcG4nKa5dpqn57qPmFwZoM+Tq/Hvg1XvMiGXTcrCmOvVQ7Ul6cSg==",
      "dependencies": {
        "@tuan149202401/accusantium-laudantium-nihil-nobis": "^1.0.0",
        "@tuan149202401/consequuntur-aliquam-velit": "^1.0.0",
        "@tuan149202401/facere-sequi-omnis": "^1.0.0",
        "@tuan149202401/fuga-commodi-earum": "^1.0.0",
        "@tuan149202401/nisi-ipsam-sit": "^1.0.0",
        "@tuan149202401/porro-maiores-nulla": "^1.0.0",
        "@tuan149202401/porro-nobis-tempore": "^1.0.0",
        "@tuan149202401/rem-facilis-repellat": "^1.0.0",
        "@tuan149202401/ullam-quibusdam-tempora": "^1.0.0",
        "@tuan149202401/veritatis-minus-omnis": "^1.0.0"
      }
    },
    "node_modules/@tuan149202401/nemo-alias-harum": {
      "version": "1.0.0",
      "resolved": "https://registry.npmjs.org/@tuan149202401/nemo-alias-harum/-/nemo-alias-harum-1.0.0.tgz",
      "integrity": "sha512-9yeWG0v1nkt/rpZghuZ6+3L6u4Vxq9BMsPUeFiSkoCAQ1l4hGld4/sWA0bvvqlsaJsbUOxaUsF0VmkRCOKhi6A==",
      "dependencies": {
        "@tuan149202401/accusantium-laudantium-nihil-nobis": "^1.0.0",
        "@tuan149202401/consequuntur-aliquam-velit": "^1.0.0",
        "@tuan149202401/facere-sequi-omnis": "^1.0.0",
        "@tuan149202401/fuga-commodi-earum": "^1.0.0",
        "@tuan149202401/fugiat-dolorem-tempore": "^1.0.0",
        "@tuan149202401/maiores-error-aspernatur": "^1.0.0",
        "@tuan149202401/molestias-incidunt-repellat": "^1.0.0",
        "@tuan149202401/nisi-ipsam-sit": "^1.0.0",
        "@tuan149202401/porro-maiores-nulla": "^1.0.0",
        "@tuan149202401/porro-nobis-tempore": "^1.0.0",
        "@tuan149202401/rem-facilis-repellat": "^1.0.0",
        "@tuan149202401/ullam-quibusdam-tempora": "^1.0.0",
        "@tuan149202401/veritatis-minus-omnis": "^1.0.0"
      }
    },
    "node_modules/@tuan149202401/nisi-ipsam-sit": {
      "version": "1.0.0",
      "resolved": "https://registry.npmjs.org/@tuan149202401/nisi-ipsam-sit/-/nisi-ipsam-sit-1.0.0.tgz",
      "integrity": "sha512-DIG0/AloPuS4Mt+tA74p3YtA7gXsyKIZfdunuqWIaQOYENGIk+9eWbzxe3B6gHSkWcsvhksb14rcDvnqWCNxgQ==",
      "dependencies": {
        "@tuan149202401/accusantium-laudantium-nihil-nobis": "^1.0.0",
        "@tuan149202401/facere-sequi-omnis": "^1.0.0",
        "@tuan149202401/ullam-quibusdam-tempora": "^1.0.0",
        "@tuan149202401/veritatis-minus-omnis": "^1.0.0"
      }
    },
    "node_modules/@tuan149202401/porro-maiores-nulla": {
      "version": "1.0.0",
      "resolved": "https://registry.npmjs.org/@tuan149202401/porro-maiores-nulla/-/porro-maiores-nulla-1.0.0.tgz",
      "integrity": "sha512-7cE0HboO3CFyBKzM0qW6BpXyvsGaXuZDvqvp/Z9I6VbJVzkRIH2OaVVjcDf8WkXLZzPEyyzWvvHHePxxHGVCvw==",
      "dependencies": {
        "@tuan149202401/accusantium-laudantium-nihil-nobis": "^1.0.0",
        "@tuan149202401/facere-sequi-omnis": "^1.0.0",
        "@tuan149202401/nisi-ipsam-sit": "^1.0.0",
        "@tuan149202401/porro-nobis-tempore": "^1.0.0",
        "@tuan149202401/ullam-quibusdam-tempora": "^1.0.0",
        "@tuan149202401/veritatis-minus-omnis": "^1.0.0"
      }
    },
    "node_modules/@tuan149202401/porro-nobis-tempore": {
      "version": "1.0.0",
      "resolved": "https://registry.npmjs.org/@tuan149202401/porro-nobis-tempore/-/porro-nobis-tempore-1.0.0.tgz",
      "integrity": "sha512-sfiN3DCq80uIKlut4VG213I2mP0Lmhro9f3w6pkcBa77NqtKFElUllTOE+rAhjSC+NWbpRFjSzuT7kMLoObF9A==",
      "dependencies": {
        "@tuan149202401/accusantium-laudantium-nihil-nobis": "^1.0.0",
        "@tuan149202401/facere-sequi-omnis": "^1.0.0",
        "@tuan149202401/nisi-ipsam-sit": "^1.0.0",
        "@tuan149202401/ullam-quibusdam-tempora": "^1.0.0",
        "@tuan149202401/veritatis-minus-omnis": "^1.0.0"
      }
    },
    "node_modules/@tuan149202401/rem-facilis-repellat": {
      "version": "1.0.0",
      "resolved": "https://registry.npmjs.org/@tuan149202401/rem-facilis-repellat/-/rem-facilis-repellat-1.0.0.tgz",
      "integrity": "sha512-hCsJne0+sXymwZvtBb9HhiDHrBUNNNqvvakZIqeK4YbTOiWva6jU/35TZhB7ukWZuWYLuUctYQULsggSnXxIHw==",
      "dependencies": {
        "@tuan149202401/accusantium-laudantium-nihil-nobis": "^1.0.0",
        "@tuan149202401/consequuntur-aliquam-velit": "^1.0.0",
        "@tuan149202401/facere-sequi-omnis": "^1.0.0",
        "@tuan149202401/nisi-ipsam-sit": "^1.0.0",
        "@tuan149202401/porro-maiores-nulla": "^1.0.0",
        "@tuan149202401/porro-nobis-tempore": "^1.0.0",
        "@tuan149202401/ullam-quibusdam-tempora": "^1.0.0",
        "@tuan149202401/veritatis-minus-omnis": "^1.0.0"
      }
    },
    "node_modules/@tuan149202401/ullam-quibusdam-tempora": {
      "version": "1.0.0",
      "resolved": "https://registry.npmjs.org/@tuan149202401/ullam-quibusdam-tempora/-/ullam-quibusdam-tempora-1.0.0.tgz",
      "integrity": "sha512-KoC13McijV2grXcXg3iVxcYpGudlXsD10wSZPswYoiQK/3sSs9VdjCFwsgYLh8LbZplNozf3CVvsd4ko2D6CXA==",
      "dependencies": {
        "@tuan149202401/accusantium-laudantium-nihil-nobis": "^1.0.0",
        "@tuan149202401/facere-sequi-omnis": "^1.0.0",
        "@tuan149202401/veritatis-minus-omnis": "^1.0.0"
      }
    },
    "node_modules/@tuan149202401/veritatis-minus-omnis": {
      "version": "1.0.0",
      "resolved": "https://registry.npmjs.org/@tuan149202401/veritatis-minus-omnis/-/veritatis-minus-omnis-1.0.0.tgz",
      "integrity": "sha512-CBgPjo4LT5YsECIHDnBXyIFVOoIq9WUbLq2JaVIP7TWUzPATxN9HVbhfA6boB2mOAF1JU6UwwjdW9yLWnvbK/A==",
      "dependencies": {
        "@tuan149202401/accusantium-laudantium-nihil-nobis": "^1.0.0"
      }
    }
  }
}
